
Microsoft Visual Studio Solution File, Format Version 12.00
# Visual Studio Version 17
VisualStudioVersion = 17.5.33530.505
MinimumVisualStudioVersion = 10.0.40219.1
Project("{9A19103F-16F7-4668-BE54-9A1E7A4F7556}") = "Final", "FInal\Final.csproj", "{A504A78C-F0F3-4E39-9028-BD7D4A18D533}"
EndProject
Global
	GlobalSection(SolutionConfigurationPlatforms) = preSolution
		Debug|Any CPU = Debug|Any CPU
		Release|Any CPU = Release|Any CPU
	EndGlobalSection
	GlobalSection(ProjectConfigurationPlatforms) = postSolution
		{A504A78C-F0F3-4E39-9028-BD7D4A18D533}.Debug|Any CPU.ActiveCfg = Debug|Any CPU
		{A504A78C-F0F3-4E39-9028-BD7D4A18D533}.Debug|Any CPU.Build.0 = Debug|Any CPU
		{A504A78C-F0F3-4E39-9028-BD7D4A18D533}.Release|Any CPU.ActiveCfg = Release|Any CPU
		{A504A78C-F0F3-4E39-9028-BD7D4A18D533}.Release|Any CPU.Build.0 = Release|Any CPU
	EndGlobalSection
	GlobalSection(SolutionProperties) = preSolution
		HideSolutionNode = FALSE
	EndGlobalSection
	GlobalSection(ExtensibilityGlobals) = postSolution
		SolutionGuid = {45CDEE16-F688-4C4B-8564-835B8885B7CF}
	EndGlobalSection
EndGlobal
